
Microsoft Visual Studio Solution File, Format Version 12.00
# Visual Studio 15
Project("{FAE04EC0-301F-11D3-BF4B-00C04F79EFBC}") = "UnityEngine.TestRunner", "UnityEngine.TestRunner.csproj", "{457521A8-76E9-269A-8E2F-77F3B9B0A979}"
EndProject
Project("{FAE04EC0-301F-11D3-BF4B-00C04F79EFBC}") = "Unity.Postprocessing.Runtime", "Unity.Postprocessing.Runtime.csproj", "{37B316E2-FA0A-4C67-4039-64FEA903AEC3}"
EndProject
Project("{FAE04EC0-301F-11D3-BF4B-00C04F79EFBC}") = "Assembly-CSharp", "Assembly-CSharp.csproj", "{ED1B928F-229F-CC01-72AE-F1D4EADF220D}"
EndProject
Project("{FAE04EC0-301F-11D3-BF4B-00C04F79EFBC}") = "Mirror", "Mirror.csproj", "{B63500E3-3533-1E2C-943D-F6BB691F6BE9}"
EndProject
Project("{FAE04EC0-301F-11D3-BF4B-00C04F79EFBC}") = "UnityEngine.UI", "UnityEngine.UI.csproj", "{0B045A41-4676-B069-A06C-C8F19E366A2F}"
EndProject
Project("{FAE04EC0-301F-11D3-BF4B-00C04F79EFBC}") = "com.unity.multiplayer-hlapi.Runtime", "com.unity.multiplayer-hlapi.Runtime.csproj", "{194DD577-13D0-FCE2-07A6-AAC1500D44E4}"
EndProject
Project("{FAE04EC0-301F-11D3-BF4B-00C04F79EFBC}") = "Unity.TextMeshPro", "Unity.TextMeshPro.csproj", "{E17BF88A-F0A6-A563-271B-3709EBCFCBAA}"
EndProject
Project("{FAE04EC0-301F-11D3-BF4B-00C04F79EFBC}") = "Unity.Timeline", "Unity.Timeline.csproj", "{62106FE1-1544-5A91-E011-B789F3E28A4E}"
EndProject
Project("{FAE04EC0-301F-11D3-BF4B-00C04F79EFBC}") = "Mirror.Components", "Mirror.Components.csproj", "{252F7B6D-FDBF-5093-1C04-63C05416A8B4}"
EndProject
Project("{FAE04EC0-301F-11D3-BF4B-00C04F79EFBC}") = "Ninja.WebSockets", "Ninja.WebSockets.csproj", "{19B8A9E3-F2C9-489E-D41F-8BC2FD4735D5}"
EndProject
Project("{FAE04EC0-301F-11D3-BF4B-00C04F79EFBC}") = "Mirror.Examples", "Mirror.Examples.csproj", "{DC66B67C-4A17-25F1-5A1D-84D4A5E49FFC}"
EndProject
Project("{FAE04EC0-301F-11D3-BF4B-00C04F79EFBC}") = "DOTween.Modules", "DOTween.Modules.csproj", "{FF3A00BF-61BF-EF30-2535-EF3E4D29D9E2}"
EndProject
Project("{FAE04EC0-301F-11D3-BF4B-00C04F79EFBC}") = "UnityEngine.XR.LegacyInputHelpers", "UnityEngine.XR.LegacyInputHelpers.csproj", "{B45C2E43-B643-4713-D87A-43F14CB56F2C}"
EndProject
Project("{FAE04EC0-301F-11D3-BF4B-00C04F79EFBC}") = "UnityEngine.SpatialTracking", "UnityEngine.SpatialTracking.csproj", "{2CAAD019-49E3-38C5-AF86-94C9A08EBEB0}"
EndProject
Project("{FAE04EC0-301F-11D3-BF4B-00C04F79EFBC}") = "Mirror.Authenticators", "Mirror.Authenticators.csproj", "{07B4C0E2-9FE0-1CF6-2CA2-E0BA12493D60}"
EndProject
Project("{FAE04EC0-301F-11D3-BF4B-00C04F79EFBC}") = "Unity.TextMeshPro.Editor", "Unity.TextMeshPro.Editor.csproj", "{E40F1977-842C-91E0-5C17-28C7029815E0}"
EndProject
Project("{FAE04EC0-301F-11D3-BF4B-00C04F79EFBC}") = "Unity.Timeline.Editor", "Unity.Timeline.Editor.csproj", "{EE8E9EF1-16FB-16BA-88FF-D0E4E45F496A}"
EndProject
Project("{FAE04EC0-301F-11D3-BF4B-00C04F79EFBC}") = "UnityEditor.TestRunner", "UnityEditor.TestRunner.csproj", "{FB5F019D-9140-199C-3062-EE3A018A09C5}"
EndProject
Project("{FAE04EC0-301F-11D3-BF4B-00C04F79EFBC}") = "Unity.2D.Sprite.Editor", "Unity.2D.Sprite.Editor.csproj", "{2632C9C9-5EC3-EC26-F65E-269B6718A2A2}"
EndProject
Project("{FAE04EC0-301F-11D3-BF4B-00C04F79EFBC}") = "com.unity.multiplayer-hlapi.Editor", "com.unity.multiplayer-hlapi.Editor.csproj", "{DDD37DA4-A52D-85DB-E453-9B01F75F50C3}"
EndProject
Project("{FAE04EC0-301F-11D3-BF4B-00C04F79EFBC}") = "UnityEditor.UI", "UnityEditor.UI.csproj", "{2C003B0C-8232-B4C9-9C51-6CFD07C89611}"
EndProject
Project("{FAE04EC0-301F-11D3-BF4B-00C04F79EFBC}") = "Mirror.Weaver", "Mirror.Weaver.csproj", "{79471057-6975-27BB-9577-0A723342D3D0}"
EndProject
Project("{FAE04EC0-301F-11D3-BF4B-00C04F79EFBC}") = "Assembly-CSharp-Editor", "Assembly-CSharp-Editor.csproj", "{12CE8D0B-8FC3-93AF-4C33-14EA6E10714D}"
EndProject
Project("{FAE04EC0-301F-11D3-BF4B-00C04F79EFBC}") = "Unity.Rider.Editor", "Unity.Rider.Editor.csproj", "{0F6DA292-B6A7-0DCE-E006-BADC8CB28F90}"
EndProject
Project("{FAE04EC0-301F-11D3-BF4B-00C04F79EFBC}") = "Unity.2D.Tilemap.Editor", "Unity.2D.Tilemap.Editor.csproj", "{4047327F-A2D7-CCEF-C10C-B426FCFF3438}"
EndProject
Project("{FAE04EC0-301F-11D3-BF4B-00C04F79EFBC}") = "UnityEditor.XR.LegacyInputHelpers", "UnityEditor.XR.LegacyInputHelpers.csproj", "{8102CC46-DE9C-3A25-A0ED-D40EDC393DD0}"
EndProject
Project("{FAE04EC0-301F-11D3-BF4B-00C04F79EFBC}") = "Unity.Postprocessing.Editor", "Unity.Postprocessing.Editor.csproj", "{E103CCDC-0439-2F88-2C4E-68E928F3ED51}"
EndProject
Project("{FAE04EC0-301F-11D3-BF4B-00C04F79EFBC}") = "Unity.CollabProxy.Editor", "Unity.CollabProxy.Editor.csproj", "{5F61C346-54DF-E215-DB81-DB6E247E1D39}"
EndProject
Project("{FAE04EC0-301F-11D3-BF4B-00C04F79EFBC}") = "Mirror.Editor", "Mirror.Editor.csproj", "{00BDF443-D8E6-FDD4-F70A-F70E05FEE2C8}"
EndProject
Project("{FAE04EC0-301F-11D3-BF4B-00C04F79EFBC}") = "com.unity.multiplayer-weaver.Editor", "com.unity.multiplayer-weaver.Editor.csproj", "{214664A6-A50A-2635-7CAF-C10998F76AEB}"
EndProject
Project("{FAE04EC0-301F-11D3-BF4B-00C04F79EFBC}") = "Unity.VSCode.Editor", "Unity.VSCode.Editor.csproj", "{9CA6C357-7264-0184-CA8D-D29ADD5A48CC}"
EndProject
Project("{FAE04EC0-301F-11D3-BF4B-00C04F79EFBC}") = "Mirror.CompilerSymbols", "Mirror.CompilerSymbols.csproj", "{0F869BEB-AB34-50CE-BA8F-4747AA0C117D}"
EndProject
Project("{FAE04EC0-301F-11D3-BF4B-00C04F79EFBC}") = "UnityEditor.SpatialTracking", "UnityEditor.SpatialTracking.csproj", "{D359E503-6BE9-02E8-56E9-21549C111DD1}"
EndProject
Global
	GlobalSection(SolutionConfigurationPlatforms) = preSolution
		Debug|Any CPU = Debug|Any CPU
		Release|Any CPU = Release|Any CPU
	EndGlobalSection
	GlobalSection(ProjectConfigurationPlatforms) = postSolution
		{457521A8-76E9-269A-8E2F-77F3B9B0A979}.Debug|Any CPU.ActiveCfg = Debug|Any CPU
		{457521A8-76E9-269A-8E2F-77F3B9B0A979}.Debug|Any CPU.Build.0 = Debug|Any CPU
		{457521A8-76E9-269A-8E2F-77F3B9B0A979}.Release|Any CPU.ActiveCfg = Release|Any CPU
		{457521A8-76E9-269A-8E2F-77F3B9B0A979}.Release|Any CPU.Build.0 = Release|Any CPU
		{37B316E2-FA0A-4C67-4039-64FEA903AEC3}.Debug|Any CPU.ActiveCfg = Debug|Any CPU
		{37B316E2-FA0A-4C67-4039-64FEA903AEC3}.Debug|Any CPU.Build.0 = Debug|Any CPU
		{37B316E2-FA0A-4C67-4039-64FEA903AEC3}.Release|Any CPU.ActiveCfg = Release|Any CPU
		{37B316E2-FA0A-4C67-4039-64FEA903AEC3}.Release|Any CPU.Build.0 = Release|Any CPU
		{ED1B928F-229F-CC01-72AE-F1D4EADF220D}.Debug|Any CPU.ActiveCfg = Debug|Any CPU
		{ED1B928F-229F-CC01-72AE-F1D4EADF220D}.Debug|Any CPU.Build.0 = Debug|Any CPU
		{ED1B928F-229F-CC01-72AE-F1D4EADF220D}.Release|Any CPU.ActiveCfg = Release|Any CPU
		{ED1B928F-229F-CC01-72AE-F1D4EADF220D}.Release|Any CPU.Build.0 = Release|Any CPU
		{B63500E3-3533-1E2C-943D-F6BB691F6BE9}.Debug|Any CPU.ActiveCfg = Debug|Any CPU
		{B63500E3-3533-1E2C-943D-F6BB691F6BE9}.Debug|Any CPU.Build.0 = Debug|Any CPU
		{B63500E3-3533-1E2C-943D-F6BB691F6BE9}.Release|Any CPU.ActiveCfg = Release|Any CPU
		{B63500E3-3533-1E2C-943D-F6BB691F6BE9}.Release|Any CPU.Build.0 = Release|Any CPU
		{0B045A41-4676-B069-A06C-C8F19E366A2F}.Debug|Any CPU.ActiveCfg = Debug|Any CPU
		{0B045A41-4676-B069-A06C-C8F19E366A2F}.Debug|Any CPU.Build.0 = Debug|Any CPU
		{0B045A41-4676-B069-A06C-C8F19E366A2F}.Release|Any CPU.ActiveCfg = Release|Any CPU
		{0B045A41-4676-B069-A06C-C8F19E366A2F}.Release|Any CPU.Build.0 = Release|Any CPU
		{194DD577-13D0-FCE2-07A6-AAC1500D44E4}.Debug|Any CPU.ActiveCfg = Debug|Any CPU
		{194DD577-13D0-FCE2-07A6-AAC1500D44E4}.Debug|Any CPU.Build.0 = Debug|Any CPU
		{194DD577-13D0-FCE2-07A6-AAC1500D44E4}.Release|Any CPU.ActiveCfg = Release|Any CPU
		{194DD577-13D0-FCE2-07A6-AAC1500D44E4}.Release|Any CPU.Build.0 = Release|Any CPU
		{E17BF88A-F0A6-A563-271B-3709EBCFCBAA}.Debug|Any CPU.ActiveCfg = Debug|Any CPU
		{E17BF88A-F0A6-A563-271B-3709EBCFCBAA}.Debug|Any CPU.Build.0 = Debug|Any CPU
		{E17BF88A-F0A6-A563-271B-3709EBCFCBAA}.Release|Any CPU.ActiveCfg = Release|Any CPU
		{E17BF88A-F0A6-A563-271B-3709EBCFCBAA}.Release|Any CPU.Build.0 = Release|Any CPU
		{62106FE1-1544-5A91-E011-B789F3E28A4E}.Debug|Any CPU.ActiveCfg = Debug|Any CPU
		{62106FE1-1544-5A91-E011-B789F3E28A4E}.Debug|Any CPU.Build.0 = Debug|Any CPU
		{62106FE1-1544-5A91-E011-B789F3E28A4E}.Release|Any CPU.ActiveCfg = Release|Any CPU
		{62106FE1-1544-5A91-E011-B789F3E28A4E}.Release|Any CPU.Build.0 = Release|Any CPU
		{252F7B6D-FDBF-5093-1C04-63C05416A8B4}.Debug|Any CPU.ActiveCfg = Debug|Any CPU
		{252F7B6D-FDBF-5093-1C04-63C05416A8B4}.Debug|Any CPU.Build.0 = Debug|Any CPU
		{252F7B6D-FDBF-5093-1C04-63C05416A8B4}.Release|Any CPU.ActiveCfg = Release|Any CPU
		{252F7B6D-FDBF-5093-1C04-63C05416A8B4}.Release|Any CPU.Build.0 = Release|Any CPU
		{19B8A9E3-F2C9-489E-D41F-8BC2FD4735D5}.Debug|Any CPU.ActiveCfg = Debug|Any CPU
		{19B8A9E3-F2C9-489E-D41F-8BC2FD4735D5}.Debug|Any CPU.Build.0 = Debug|Any CPU
		{19B8A9E3-F2C9-489E-D41F-8BC2FD4735D5}.Release|Any CPU.ActiveCfg = Release|Any CPU
		{19B8A9E3-F2C9-489E-D41F-8BC2FD4735D5}.Release|Any CPU.Build.0 = Release|Any CPU
		{DC66B67C-4A17-25F1-5A1D-84D4A5E49FFC}.Debug|Any CPU.ActiveCfg = Debug|Any CPU
		{DC66B67C-4A17-25F1-5A1D-84D4A5E49FFC}.Debug|Any CPU.Build.0 = Debug|Any CPU
		{DC66B67C-4A17-25F1-5A1D-84D4A5E49FFC}.Release|Any CPU.ActiveCfg = Release|Any CPU
		{DC66B67C-4A17-25F1-5A1D-84D4A5E49FFC}.Release|Any CPU.Build.0 = Release|Any CPU
		{FF3A00BF-61BF-EF30-2535-EF3E4D29D9E2}.Debug|Any CPU.ActiveCfg = Debug|Any CPU
		{FF3A00BF-61BF-EF30-2535-EF3E4D29D9E2}.Debug|Any CPU.Build.0 = Debug|Any CPU
		{FF3A00BF-61BF-EF30-2535-EF3E4D29D9E2}.Release|Any CPU.ActiveCfg = Release|Any CPU
		{FF3A00BF-61BF-EF30-2535-EF3E4D29D9E2}.Release|Any CPU.Build.0 = Release|Any CPU
		{B45C2E43-B643-4713-D87A-43F14CB56F2C}.Debug|Any CPU.ActiveCfg = Debug|Any CPU
		{B45C2E43-B643-4713-D87A-43F14CB56F2C}.Debug|Any CPU.Build.0 = Debug|Any CPU
		{B45C2E43-B643-4713-D87A-43F14CB56F2C}.Release|Any CPU.ActiveCfg = Release|Any CPU
		{B45C2E43-B643-4713-D87A-43F14CB56F2C}.Release|Any CPU.Build.0 = Release|Any CPU
		{2CAAD019-49E3-38C5-AF86-94C9A08EBEB0}.Debug|Any CPU.ActiveCfg = Debug|Any CPU
		{2CAAD019-49E3-38C5-AF86-94C9A08EBEB0}.Debug|Any CPU.Build.0 = Debug|Any CPU
		{2CAAD019-49E3-38C5-AF86-94C9A08EBEB0}.Release|Any CPU.ActiveCfg = Release|Any CPU
		{2CAAD019-49E3-38C5-AF86-94C9A08EBEB0}.Release|Any CPU.Build.0 = Release|Any CPU
		{07B4C0E2-9FE0-1CF6-2CA2-E0BA12493D60}.Debug|Any CPU.ActiveCfg = Debug|Any CPU
		{07B4C0E2-9FE0-1CF6-2CA2-E0BA12493D60}.Debug|Any CPU.Build.0 = Debug|Any CPU
		{07B4C0E2-9FE0-1CF6-2CA2-E0BA12493D60}.Release|Any CPU.ActiveCfg = Release|Any CPU
		{07B4C0E2-9FE0-1CF6-2CA2-E0BA12493D60}.Release|Any CPU.Build.0 = Release|Any CPU
		{E40F1977-842C-91E0-5C17-28C7029815E0}.Debug|Any CPU.ActiveCfg = Debug|Any CPU
		{E40F1977-842C-91E0-5C17-28C7029815E0}.Debug|Any CPU.Build.0 = Debug|Any CPU
		{E40F1977-842C-91E0-5C17-28C7029815E0}.Release|Any CPU.ActiveCfg = Release|Any CPU
		{E40F1977-842C-91E0-5C17-28C7029815E0}.Release|Any CPU.Build.0 = Release|Any CPU
		{EE8E9EF1-16FB-16BA-88FF-D0E4E45F496A}.Debug|Any CPU.ActiveCfg = Debug|Any CPU
		{EE8E9EF1-16FB-16BA-88FF-D0E4E45F496A}.Debug|Any CPU.Build.0 = Debug|Any CPU
		{EE8E9EF1-16FB-16BA-88FF-D0E4E45F496A}.Release|Any CPU.ActiveCfg = Release|Any CPU
		{EE8E9EF1-16FB-16BA-88FF-D0E4E45F496A}.Release|Any CPU.Build.0 = Release|Any CPU
		{FB5F019D-9140-199C-3062-EE3A018A09C5}.Debug|Any CPU.ActiveCfg = Debug|Any CPU
		{FB5F019D-9140-199C-3062-EE3A018A09C5}.Debug|Any CPU.Build.0 = Debug|Any CPU
		{FB5F019D-9140-199C-3062-EE3A018A09C5}.Release|Any CPU.ActiveCfg = Release|Any CPU
		{FB5F019D-9140-199C-3062-EE3A018A09C5}.Release|Any CPU.Build.0 = Release|Any CPU
		{2632C9C9-5EC3-EC26-F65E-269B6718A2A2}.Debug|Any CPU.ActiveCfg = Debug|Any CPU
		{2632C9C9-5EC3-EC26-F65E-269B6718A2A2}.Debug|Any CPU.Build.0 = Debug|Any CPU
		{2632C9C9-5EC3-EC26-F65E-269B6718A2A2}.Release|Any CPU.ActiveCfg = Release|Any CPU
		{2632C9C9-5EC3-EC26-F65E-269B6718A2A2}.Release|Any CPU.Build.0 = Release|Any CPU
		{DDD37DA4-A52D-85DB-E453-9B01F75F50C3}.Debug|Any CPU.ActiveCfg = Debug|Any CPU
		{DDD37DA4-A52D-85DB-E453-9B01F75F50C3}.Debug|Any CPU.Build.0 = Debug|Any CPU
		{DDD37DA4-A52D-85DB-E453-9B01F75F50C3}.Release|Any CPU.ActiveCfg = Release|Any CPU
		{DDD37DA4-A52D-85DB-E453-9B01F75F50C3}.Release|Any CPU.Build.0 = Release|Any CPU
		{2C003B0C-8232-B4C9-9C51-6CFD07C89611}.Debug|Any CPU.ActiveCfg = Debug|Any CPU
		{2C003B0C-8232-B4C9-9C51-6CFD07C89611}.Debug|Any CPU.Build.0 = Debug|Any CPU
		{2C003B0C-8232-B4C9-9C51-6CFD07C89611}.Release|Any CPU.ActiveCfg = Release|Any CPU
		{2C003B0C-8232-B4C9-9C51-6CFD07C89611}.Release|Any CPU.Build.0 = Release|Any CPU
		{79471057-6975-27BB-9577-0A723342D3D0}.Debug|Any CPU.ActiveCfg = Debug|Any CPU
		{79471057-6975-27BB-9577-0A723342D3D0}.Debug|Any CPU.Build.0 = Debug|Any CPU
		{79471057-6975-27BB-9577-0A723342D3D0}.Release|Any CPU.ActiveCfg = Release|Any CPU
		{79471057-6975-27BB-9577-0A723342D3D0}.Release|Any CPU.Build.0 = Release|Any CPU
		{12CE8D0B-8FC3-93AF-4C33-14EA6E10714D}.Debug|Any CPU.ActiveCfg = Debug|Any CPU
		{12CE8D0B-8FC3-93AF-4C33-14EA6E10714D}.Debug|Any CPU.Build.0 = Debug|Any CPU
		{12CE8D0B-8FC3-93AF-4C33-14EA6E10714D}.Release|Any CPU.ActiveCfg = Release|Any CPU
		{12CE8D0B-8FC3-93AF-4C33-14EA6E10714D}.Release|Any CPU.Build.0 = Release|Any CPU
		{0F6DA292-B6A7-0DCE-E006-BADC8CB28F90}.Debug|Any CPU.ActiveCfg = Debug|Any CPU
		{0F6DA292-B6A7-0DCE-E006-BADC8CB28F90}.Debug|Any CPU.Build.0 = Debug|Any CPU
		{0F6DA292-B6A7-0DCE-E006-BADC8CB28F90}.Release|Any CPU.ActiveCfg = Release|Any CPU
		{0F6DA292-B6A7-0DCE-E006-BADC8CB28F90}.Release|Any CPU.Build.0 = Release|Any CPU
		{4047327F-A2D7-CCEF-C10C-B426FCFF3438}.Debug|Any CPU.ActiveCfg = Debug|Any CPU
		{4047327F-A2D7-CCEF-C10C-B426FCFF3438}.Debug|Any CPU.Build.0 = Debug|Any CPU
		{4047327F-A2D7-CCEF-C10C-B426FCFF3438}.Release|Any CPU.ActiveCfg = Release|Any CPU
		{4047327F-A2D7-CCEF-C10C-B426FCFF3438}.Release|Any CPU.Build.0 = Release|Any CPU
		{8102CC46-DE9C-3A25-A0ED-D40EDC393DD0}.Debug|Any CPU.ActiveCfg = Debug|Any CPU
		{8102CC46-DE9C-3A25-A0ED-D40EDC393DD0}.Debug|Any CPU.Build.0 = Debug|Any CPU
		{8102CC46-DE9C-3A25-A0ED-D40EDC393DD0}.Release|Any CPU.ActiveCfg = Release|Any CPU
		{8102CC46-DE9C-3A25-A0ED-D40EDC393DD0}.Release|Any CPU.Build.0 = Release|Any CPU
		{E103CCDC-0439-2F88-2C4E-68E928F3ED51}.Debug|Any CPU.ActiveCfg = Debug|Any CPU
		{E103CCDC-0439-2F88-2C4E-68E928F3ED51}.Debug|Any CPU.Build.0 = Debug|Any CPU
		{E103CCDC-0439-2F88-2C4E-68E928F3ED51}.Release|Any CPU.ActiveCfg = Release|Any CPU
		{E103CCDC-0439-2F88-2C4E-68E928F3ED51}.Release|Any CPU.Build.0 = Release|Any CPU
		{5F61C346-54DF-E215-DB81-DB6E247E1D39}.Debug|Any CPU.ActiveCfg = Debug|Any CPU
		{5F61C346-54DF-E215-DB81-DB6E247E1D39}.Debug|Any CPU.Build.0 = Debug|Any CPU
		{5F61C346-54DF-E215-DB81-DB6E247E1D39}.Release|Any CPU.ActiveCfg = Release|Any CPU
		{5F61C346-54DF-E215-DB81-DB6E247E1D39}.Release|Any CPU.Build.0 = Release|Any CPU
		{00BDF443-D8E6-FDD4-F70A-F70E05FEE2C8}.Debug|Any CPU.ActiveCfg = Debug|Any CPU
		{00BDF443-D8E6-FDD4-F70A-F70E05FEE2C8}.Debug|Any CPU.Build.0 = Debug|Any CPU
		{00BDF443-D8E6-FDD4-F70A-F70E05FEE2C8}.Release|Any CPU.ActiveCfg = Release|Any CPU
		{00BDF443-D8E6-FDD4-F70A-F70E05FEE2C8}.Release|Any CPU.Build.0 = Release|Any CPU
		{214664A6-A50A-2635-7CAF-C10998F76AEB}.Debug|Any CPU.ActiveCfg = Debug|Any CPU
		{214664A6-A50A-2635-7CAF-C10998F76AEB}.Debug|Any CPU.Build.0 = Debug|Any CPU
		{214664A6-A50A-2635-7CAF-C10998F76AEB}.Release|Any CPU.ActiveCfg = Release|Any CPU
		{214664A6-A50A-2635-7CAF-C10998F76AEB}.Release|Any CPU.Build.0 = Release|Any CPU
		{9CA6C357-7264-0184-CA8D-D29ADD5A48CC}.Debug|Any CPU.ActiveCfg = Debug|Any CPU
		{9CA6C357-7264-0184-CA8D-D29ADD5A48CC}.Debug|Any CPU.Build.0 = Debug|Any CPU
		{9CA6C357-7264-0184-CA8D-D29ADD5A48CC}.Release|Any CPU.ActiveCfg = Release|Any CPU
		{9CA6C357-7264-0184-CA8D-D29ADD5A48CC}.Release|Any CPU.Build.0 = Release|Any CPU
		{0F869BEB-AB34-50CE-BA8F-4747AA0C117D}.Debug|Any CPU.ActiveCfg = Debug|Any CPU
		{0F869BEB-AB34-50CE-BA8F-4747AA0C117D}.Debug|Any CPU.Build.0 = Debug|Any CPU
		{0F869BEB-AB34-50CE-BA8F-4747AA0C117D}.Release|Any CPU.ActiveCfg = Release|Any CPU
		{0F869BEB-AB34-50CE-BA8F-4747AA0C117D}.Release|Any CPU.Build.0 = Release|Any CPU
		{D359E503-6BE9-02E8-56E9-21549C111DD1}.Debug|Any CPU.ActiveCfg = Debug|Any CPU
		{D359E503-6BE9-02E8-56E9-21549C111DD1}.Debug|Any CPU.Build.0 = Debug|Any CPU
		{D359E503-6BE9-02E8-56E9-21549C111DD1}.Release|Any CPU.ActiveCfg = Release|Any CPU
		{D359E503-6BE9-02E8-56E9-21549C111DD1}.Release|Any CPU.Build.0 = Release|Any CPU
	EndGlobalSection
	GlobalSection(SolutionProperties) = preSolution
		HideSolutionNode = FALSE
	EndGlobalSection
EndGlobal
