
Microsoft Visual Studio Solution File, Format Version 11.00
# Visual Studio 2010
Project("{FAE04EC0-301F-11D3-BF4B-00C04F79EFBC}") = "Assembly-CSharp", "Assembly-CSharp.csproj", "{8f921bed-9f22-01cc-72ae-f1d4eadf220d}"
EndProject
Project("{FAE04EC0-301F-11D3-BF4B-00C04F79EFBC}") = "Mirror", "Mirror.csproj", "{e30035b6-3335-2c1e-943d-f6bb691f6be9}"
EndProject
Project("{FAE04EC0-301F-11D3-BF4B-00C04F79EFBC}") = "Mirror.Components", "Mirror.Components.csproj", "{6d7b2f25-bffd-9350-1c04-63c05416a8b4}"
EndProject
Project("{FAE04EC0-301F-11D3-BF4B-00C04F79EFBC}") = "Ninja.WebSockets", "Ninja.WebSockets.csproj", "{e3a9b819-c9f2-9e48-d41f-8bc2fd4735d5}"
EndProject
Project("{FAE04EC0-301F-11D3-BF4B-00C04F79EFBC}") = "Mirror.Examples", "Mirror.Examples.csproj", "{7cb666dc-174a-f125-5a1d-84d4a5e49ffc}"
EndProject
Project("{FAE04EC0-301F-11D3-BF4B-00C04F79EFBC}") = "DOTween.Modules", "DOTween.Modules.csproj", "{bf003aff-bf61-30ef-2535-ef3e4d29d9e2}"
EndProject
Project("{FAE04EC0-301F-11D3-BF4B-00C04F79EFBC}") = "Mirror.Authenticators", "Mirror.Authenticators.csproj", "{e2c0b407-e09f-f61c-2ca2-e0ba12493d60}"
EndProject
Project("{FAE04EC0-301F-11D3-BF4B-00C04F79EFBC}") = "Mirror.Weaver", "Mirror.Weaver.csproj", "{57104779-7569-bb27-9577-0a723342d3d0}"
EndProject
Project("{FAE04EC0-301F-11D3-BF4B-00C04F79EFBC}") = "Assembly-CSharp-Editor", "Assembly-CSharp-Editor.csproj", "{0b8dce12-c38f-af93-4c33-14ea6e10714d}"
EndProject
Project("{FAE04EC0-301F-11D3-BF4B-00C04F79EFBC}") = "Mirror.Editor", "Mirror.Editor.csproj", "{43f4bd00-e6d8-d4fd-f70a-f70e05fee2c8}"
EndProject
Project("{FAE04EC0-301F-11D3-BF4B-00C04F79EFBC}") = "Mirror.CompilerSymbols", "Mirror.CompilerSymbols.csproj", "{eb9b860f-34ab-ce50-ba8f-4747aa0c117d}"
EndProject
Global
	GlobalSection(SolutionConfigurationPlatforms) = preSolution
		Debug|Any CPU = Debug|Any CPU
		Release|Any CPU = Release|Any CPU
	EndGlobalSection
	GlobalSection(ProjectConfigurationPlatforms) = postSolution
		{8f921bed-9f22-01cc-72ae-f1d4eadf220d}.Debug|Any CPU.ActiveCfg = Debug|Any CPU
		{8f921bed-9f22-01cc-72ae-f1d4eadf220d}.Debug|Any CPU.Build.0 = Debug|Any CPU
		{8f921bed-9f22-01cc-72ae-f1d4eadf220d}.Release|Any CPU.ActiveCfg = Release|Any CPU
		{8f921bed-9f22-01cc-72ae-f1d4eadf220d}.Release|Any CPU.Build.0 = Release|Any CPU
		{e30035b6-3335-2c1e-943d-f6bb691f6be9}.Debug|Any CPU.ActiveCfg = Debug|Any CPU
		{e30035b6-3335-2c1e-943d-f6bb691f6be9}.Debug|Any CPU.Build.0 = Debug|Any CPU
		{e30035b6-3335-2c1e-943d-f6bb691f6be9}.Release|Any CPU.ActiveCfg = Release|Any CPU
		{e30035b6-3335-2c1e-943d-f6bb691f6be9}.Release|Any CPU.Build.0 = Release|Any CPU
		{6d7b2f25-bffd-9350-1c04-63c05416a8b4}.Debug|Any CPU.ActiveCfg = Debug|Any CPU
		{6d7b2f25-bffd-9350-1c04-63c05416a8b4}.Debug|Any CPU.Build.0 = Debug|Any CPU
		{6d7b2f25-bffd-9350-1c04-63c05416a8b4}.Release|Any CPU.ActiveCfg = Release|Any CPU
		{6d7b2f25-bffd-9350-1c04-63c05416a8b4}.Release|Any CPU.Build.0 = Release|Any CPU
		{e3a9b819-c9f2-9e48-d41f-8bc2fd4735d5}.Debug|Any CPU.ActiveCfg = Debug|Any CPU
		{e3a9b819-c9f2-9e48-d41f-8bc2fd4735d5}.Debug|Any CPU.Build.0 = Debug|Any CPU
		{e3a9b819-c9f2-9e48-d41f-8bc2fd4735d5}.Release|Any CPU.ActiveCfg = Release|Any CPU
		{e3a9b819-c9f2-9e48-d41f-8bc2fd4735d5}.Release|Any CPU.Build.0 = Release|Any CPU
		{7cb666dc-174a-f125-5a1d-84d4a5e49ffc}.Debug|Any CPU.ActiveCfg = Debug|Any CPU
		{7cb666dc-174a-f125-5a1d-84d4a5e49ffc}.Debug|Any CPU.Build.0 = Debug|Any CPU
		{7cb666dc-174a-f125-5a1d-84d4a5e49ffc}.Release|Any CPU.ActiveCfg = Release|Any CPU
		{7cb666dc-174a-f125-5a1d-84d4a5e49ffc}.Release|Any CPU.Build.0 = Release|Any CPU
		{bf003aff-bf61-30ef-2535-ef3e4d29d9e2}.Debug|Any CPU.ActiveCfg = Debug|Any CPU
		{bf003aff-bf61-30ef-2535-ef3e4d29d9e2}.Debug|Any CPU.Build.0 = Debug|Any CPU
		{bf003aff-bf61-30ef-2535-ef3e4d29d9e2}.Release|Any CPU.ActiveCfg = Release|Any CPU
		{bf003aff-bf61-30ef-2535-ef3e4d29d9e2}.Release|Any CPU.Build.0 = Release|Any CPU
		{e2c0b407-e09f-f61c-2ca2-e0ba12493d60}.Debug|Any CPU.ActiveCfg = Debug|Any CPU
		{e2c0b407-e09f-f61c-2ca2-e0ba12493d60}.Debug|Any CPU.Build.0 = Debug|Any CPU
		{e2c0b407-e09f-f61c-2ca2-e0ba12493d60}.Release|Any CPU.ActiveCfg = Release|Any CPU
		{e2c0b407-e09f-f61c-2ca2-e0ba12493d60}.Release|Any CPU.Build.0 = Release|Any CPU
		{57104779-7569-bb27-9577-0a723342d3d0}.Debug|Any CPU.ActiveCfg = Debug|Any CPU
		{57104779-7569-bb27-9577-0a723342d3d0}.Debug|Any CPU.Build.0 = Debug|Any CPU
		{57104779-7569-bb27-9577-0a723342d3d0}.Release|Any CPU.ActiveCfg = Release|Any CPU
		{57104779-7569-bb27-9577-0a723342d3d0}.Release|Any CPU.Build.0 = Release|Any CPU
		{0b8dce12-c38f-af93-4c33-14ea6e10714d}.Debug|Any CPU.ActiveCfg = Debug|Any CPU
		{0b8dce12-c38f-af93-4c33-14ea6e10714d}.Debug|Any CPU.Build.0 = Debug|Any CPU
		{0b8dce12-c38f-af93-4c33-14ea6e10714d}.Release|Any CPU.ActiveCfg = Release|Any CPU
		{0b8dce12-c38f-af93-4c33-14ea6e10714d}.Release|Any CPU.Build.0 = Release|Any CPU
		{43f4bd00-e6d8-d4fd-f70a-f70e05fee2c8}.Debug|Any CPU.ActiveCfg = Debug|Any CPU
		{43f4bd00-e6d8-d4fd-f70a-f70e05fee2c8}.Debug|Any CPU.Build.0 = Debug|Any CPU
		{43f4bd00-e6d8-d4fd-f70a-f70e05fee2c8}.Release|Any CPU.ActiveCfg = Release|Any CPU
		{43f4bd00-e6d8-d4fd-f70a-f70e05fee2c8}.Release|Any CPU.Build.0 = Release|Any CPU
		{eb9b860f-34ab-ce50-ba8f-4747aa0c117d}.Debug|Any CPU.ActiveCfg = Debug|Any CPU
		{eb9b860f-34ab-ce50-ba8f-4747aa0c117d}.Debug|Any CPU.Build.0 = Debug|Any CPU
		{eb9b860f-34ab-ce50-ba8f-4747aa0c117d}.Release|Any CPU.ActiveCfg = Release|Any CPU
		{eb9b860f-34ab-ce50-ba8f-4747aa0c117d}.Release|Any CPU.Build.0 = Release|Any CPU
	EndGlobalSection
	GlobalSection(SolutionProperties) = preSolution
		HideSolutionNode = FALSE
	EndGlobalSection
EndGlobal
